<?xml version="1.0" encoding="utf-8"?>
<Project ToolsVersion="4.0" xmlns="http://schemas.microsoft.com/developer/msbuild/2003">
  <ItemGroup>
    <Filter Include="Source Files">
      <UniqueIdentifier>{4FC737F1-C7A5-4376-A066-2A32D752A2FF}</UniqueIdentifier>
      <Extensions>cpp;c;cc;cxx;def;odl;idl;hpj;bat;asm;asmx</Extensions>
    </Filter>
    <Filter Include="Header Files">
      <UniqueIdentifier>{93995380-89BD-4b04-88EB-625FBE52EBFB}</UniqueIdentifier>
      <Extensions>h;hh;hpp;hxx;hm;inl;inc;xsd</Extensions>
    </Filter>
    <Filter Include="Resource Files">
      <UniqueIdentifier>{67DA6AB6-F800-4c08-8B7A-83BB121AAD01}</UniqueIdentifier>
      <Extensions>rc;ico;cur;bmp;dlg;rc2;rct;bin;rgs;gif;jpg;jpeg;jpe;resx;tiff;tif;png;wav;mfcribbon-ms</Extensions>
    </Filter>
  </ItemGroup>
  <ItemGroup>
    <Text Include="ReadMe.txt" />
  </ItemGroup>
  <ItemGroup>
    <ClInclude Include="stdafx.h">
      <Filter>Header Files</Filter>
    </ClInclude>
    <ClInclude Include="targetver.h">
      <Filter>Header Files</Filter>
    </ClInclude>
    <ClInclude Include="..\..\dwarfdump\uri.h">
      <Filter>Header Files</Filter>
    </ClInclude>
    <ClInclude Include="..\..\dwarfdump\tag_common.h">
      <Filter>Header Files</Filter>
    </ClInclude>
    <ClInclude Include="..\..\dwarfdump\print_sections.h">
      <Filter>Header Files</Filter>
    </ClInclude>
    <ClInclude Include="..\..\dwarfdump\print_reloc.h">
      <Filter>Header Files</Filter>
    </ClInclude>
    <ClInclude Include="..\..\dwarfdump\print_frames.h">
      <Filter>Header Files</Filter>
    </ClInclude>
    <ClInclude Include="..\..\dwarfdump\naming.h">
      <Filter>Header Files</Filter>
    </ClInclude>
    <ClInclude Include="..\..\dwarfdump\makename.h">
      <Filter>Header Files</Filter>
    </ClInclude>
    <ClInclude Include="..\..\dwarfdump\globals.h">
      <Filter>Header Files</Filter>
    </ClInclude>
    <ClInclude Include="..\..\dwarfdump\esb.h">
      <Filter>Header Files</Filter>
    </ClInclude>
    <ClInclude Include="..\..\dwarfdump\dwgetopt.h">
      <Filter>Header Files</Filter>
    </ClInclude>
    <ClInclude Include="..\..\dwarfdump\dwconf.h">
      <Filter>Header Files</Filter>
    </ClInclude>
    <ClInclude Include="..\..\dwarfdump\dwarf_tsearch.h">
      <Filter>Header Files</Filter>
    </ClInclude>
    <ClInclude Include="..\..\dwarfdump\common.h">
      <Filter>Header Files</Filter>
    </ClInclude>
    <ClInclude Include="..\..\dwarfdump\checkutil.h">
      <Filter>Header Files</Filter>
    </ClInclude>
    <ClInclude Include="..\..\dwarfdump\addrmap.h">
      <Filter>Header Files</Filter>
    </ClInclude>
  </ItemGroup>
  <ItemGroup>
    <ClCompile Include="stdafx.cpp">
      <Filter>Source Files</Filter>
    </ClCompile>
    <ClCompile Include="libDWARF.dwarfDump.cpp">
      <Filter>Source Files</Filter>
    </ClCompile>
    <ClCompile Include="..\..\dwarfdump\uritablebuild.c">
      <Filter>Source Files</Filter>
    </ClCompile>
    <ClCompile Include="..\..\dwarfdump\uri.c">
      <Filter>Source Files</Filter>
    </ClCompile>
    <ClCompile Include="..\..\dwarfdump\testesb.c">
      <Filter>Source Files</Filter>
    </ClCompile>
    <ClCompile Include="..\..\dwarfdump\tag_tree.c">
      <Filter>Source Files</Filter>
    </ClCompile>
    <ClCompile Include="..\..\dwarfdump\tag_common.c">
      <Filter>Source Files</Filter>
    </ClCompile>
    <ClCompile Include="..\..\dwarfdump\tag_attr.c">
      <Filter>Source Files</Filter>
    </ClCompile>
    <ClCompile Include="..\..\dwarfdump\strstrnocase.c">
      <Filter>Source Files</Filter>
    </ClCompile>
    <ClCompile Include="..\..\dwarfdump\print_weaknames.c">
      <Filter>Source Files</Filter>
    </ClCompile>
    <ClCompile Include="..\..\dwarfdump\print_types.c">
      <Filter>Source Files</Filter>
    </ClCompile>
    <ClCompile Include="..\..\dwarfdump\print_strings.c">
      <Filter>Source Files</Filter>
    </ClCompile>
    <ClCompile Include="..\..\dwarfdump\print_static_vars.c">
      <Filter>Source Files</Filter>
    </ClCompile>
    <ClCompile Include="..\..\dwarfdump\print_static_funcs.c">
      <Filter>Source Files</Filter>
    </ClCompile>
    <ClCompile Include="..\..\dwarfdump\print_sections.c">
      <Filter>Source Files</Filter>
    </ClCompile>
    <ClCompile Include="..\..\dwarfdump\print_reloc.c">
      <Filter>Source Files</Filter>
    </ClCompile>
    <ClCompile Include="..\..\dwarfdump\print_ranges.c">
      <Filter>Source Files</Filter>
    </ClCompile>
    <ClCompile Include="..\..\dwarfdump\print_pubnames.c">
      <Filter>Source Files</Filter>
    </ClCompile>
    <ClCompile Include="..\..\dwarfdump\print_locs.c">
      <Filter>Source Files</Filter>
    </ClCompile>
    <ClCompile Include="..\..\dwarfdump\print_macros.c">
      <Filter>Source Files</Filter>
    </ClCompile>
    <ClCompile Include="..\..\dwarfdump\print_lines.c">
      <Filter>Source Files</Filter>
    </ClCompile>
    <ClCompile Include="..\..\dwarfdump\print_gdbindex.c">
      <Filter>Source Files</Filter>
    </ClCompile>
    <ClCompile Include="..\..\dwarfdump\print_frames.c">
      <Filter>Source Files</Filter>
    </ClCompile>
    <ClCompile Include="..\..\dwarfdump\print_die.c">
      <Filter>Source Files</Filter>
    </ClCompile>
    <ClCompile Include="..\..\dwarfdump\print_debugfission.c">
      <Filter>Source Files</Filter>
    </ClCompile>
    <ClCompile Include="..\..\dwarfdump\print_aranges.c">
      <Filter>Source Files</Filter>
    </ClCompile>
    <ClCompile Include="..\..\dwarfdump\print_abbrevs.c">
      <Filter>Source Files</Filter>
    </ClCompile>
    <ClCompile Include="..\..\dwarfdump\naming.c">
      <Filter>Source Files</Filter>
    </ClCompile>
    <ClCompile Include="..\..\dwarfdump\makename.c">
      <Filter>Source Files</Filter>
    </ClCompile>
    <ClCompile Include="..\..\dwarfdump\getopttest.c">
      <Filter>Source Files</Filter>
    </ClCompile>
    <ClCompile Include="..\..\dwarfdump\esb.c">
      <Filter>Source Files</Filter>
    </ClCompile>
    <ClCompile Include="..\..\dwarfdump\dwgetopt.c">
      <Filter>Source Files</Filter>
    </ClCompile>
    <ClCompile Include="..\..\dwarfdump\dwconf.c">
      <Filter>Source Files</Filter>
    </ClCompile>
    <ClCompile Include="..\..\dwarfdump\dwarfdump.c">
      <Filter>Source Files</Filter>
    </ClCompile>
    <ClCompile Include="..\..\dwarfdump\dwarf_tsearchbal.c">
      <Filter>Source Files</Filter>
    </ClCompile>
    <ClCompile Include="..\..\dwarfdump\common.c">
      <Filter>Source Files</Filter>
    </ClCompile>
    <ClCompile Include="..\..\dwarfdump\checkutil.c">
      <Filter>Source Files</Filter>
    </ClCompile>
    <ClCompile Include="..\..\dwarfdump\addrmap.c">
      <Filter>Source Files</Filter>
    </ClCompile>
  </ItemGroup>
</Project>